version: 2.0
shards:
  ameba:
    git: https://github.com/crystal-ameba/ameba.git
    version: 1.6.4

  backtracer:
    git: https://github.com/sija/backtracer.cr.git
    version: 1.2.4

  baked_file_handler:
    git: https://github.com/ralsina/baked_file_handler.git
    version: 0.1.5

  baked_file_system:
    git: https://github.com/ralsina/baked_file_system.git
    version: 0.10.0+git.commit.beb373124c7a235cfb9cd94e36849d8168eaa04b

  cute:
    git: https://github.com/papierkorb/cute.git
    version: 0.4.0

  db:
    git: https://github.com/crystal-lang/crystal-db.git
    version: 0.11.0

  docopt:
    git: https://github.com/chenkovsky/docopt.cr.git
    version: 0.2.0+git.commit.620fce4f334ff15d7321e5ecb6665ad258fe9297

  exception_page:
    git: https://github.com/crystal-loot/exception_page.git
    version: 0.5.0

  fancyline:
    git: https://github.com/papierkorb/fancyline.git
    version: 0.4.1

  fnv:
    git: https://github.com/naqvis/crystal-fnv.git
    version: 0.1.3

  future:
    git: https://github.com/crystal-community/future.cr.git
    version: 1.0.0

  html5:
    git: https://github.com/naqvis/crystal-html5.git
    version: 0.4.0

  http_proxy:
    git: https://github.com/mamantoha/http_proxy.git
    version: 0.14.0+git.commit.dc59c8779cb66b171617b030567972ea7661ffa5

  kemal:
    git: https://github.com/kemalcr/kemal.git
    version: 1.9.0+git.commit.676a35f0893d8d754ece6fc008e937c202872670

  markd:
    git: https://github.com/icyleaf/markd.git
    version: 0.5.0

  mcp-client:
    git: https://github.com/ralsina/mcp-client.git
    version: 0.1.0+git.commit.fcfae88398c131c58df04f9c87e634dbab632779

  radix:
    git: https://github.com/luislavena/radix.git
    version: 0.4.1

  tool_runner:
    path: ./tool_runner
    version: 0.1.0

  tourmaline:
    git: https://github.com/protoncr/tourmaline.git
    version: 0.28.0

  xpath2:
    git: https://github.com/naqvis/crystal-xpath2.git
    version: 0.1.3

