version: 2.0
shards:
  ameba:
    git: https://github.com/crystal-ameba/ameba.git
    version: 1.6.4

  backtracer:
    git: https://github.com/sija/backtracer.cr.git
    version: 1.2.4

  baked_file_handler:
    git: https://github.com/ralsina/baked_file_handler.git
    version: 0.1.5

  baked_file_system:
    git: https://github.com/ralsina/baked_file_system.git
    version: 0.10.0+git.commit.beb373124c7a235cfb9cd94e36849d8168eaa04b

  base58:
    git: https://github.com/crystal-china/base58.cr.git
    version: 0.1.0+git.commit.0e2c44d16a8098b00d8bf0b74add8bb9ea2f1c5f

  crimage:
    git: https://github.com/naqvis/crimage.git
    version: 1.0.4+git.commit.b65f67df27f4cb8807a34d94a90dfd4162acf45a

  cute:
    git: https://github.com/papierkorb/cute.git
    version: 0.4.0

  db:
    git: https://github.com/crystal-lang/crystal-db.git
    version: 0.11.0

  docopt:
    git: https://github.com/ralsina/docopt.cr.git
    version: 0.3.1

  exception_page:
    git: https://github.com/crystal-loot/exception_page.git
    version: 0.5.0

  fancyline:
    git: https://github.com/papierkorb/fancyline.git
    version: 0.4.1

  fnv:
    git: https://github.com/naqvis/crystal-fnv.git
    version: 0.1.3

  future:
    git: https://github.com/crystal-community/future.cr.git
    version: 1.0.0

  html5:
    git: https://github.com/naqvis/crystal-html5.git
    version: 0.4.0

  http_proxy:
    git: https://github.com/mamantoha/http_proxy.git
    version: 0.14.0+git.commit.dc59c8779cb66b171617b030567972ea7661ffa5

  kemal:
    git: https://github.com/kemalcr/kemal.git
    version: 1.9.0+git.commit.89966f6f7b4c3ce8e39def4aafa9b33257232a82

  markd:
    git: https://github.com/icyleaf/markd.git
    version: 0.5.0+git.commit.03cd4f5d6f4e56054502a6548b4c2ff92fb3dc20

  markterm:
    git: https://github.com/ralsina/markterm.git
    version: 0.8.0+git.commit.f365e9e6be9224ac645b8799363e6e7109492a72

  mcp-client:
    git: https://github.com/ralsina/mcp-client.git
    version: 0.1.0+git.commit.fcfae88398c131c58df04f9c87e634dbab632779

  progress_bar:
    git: https://github.com/mgomes/progress_bar.git
    version: 1.0.1+git.commit.aa5ebab89d31167208387640db06d3964ec7922b

  radix:
    git: https://github.com/luislavena/radix.git
    version: 0.4.1

  sixteen:
    git: https://github.com/ralsina/sixteen.git
    version: 0.7.0

  slack:
    git: https://github.com/jgaskins/slack.git
    version: 0.1.0+git.commit.5cc63945919bba315fb8e1d15044bcd93224b0fa

  tablo:
    git: https://github.com/hutou/tablo.git
    version: 1.1.0

  tartrazine:
    git: https://github.com/ralsina/tartrazine.git
    version: 0.20.1

  term-screen:
    git: https://github.com/crystal-term/screen.git
    version: 0.3.1

  textseg:
    git: https://github.com/naqvis/uni_text_seg.git
    version: 0.1.3

  tool_runner:
    path: ./tool_runner
    version: 0.1.0

  tourmaline:
    git: https://github.com/protoncr/tourmaline.git
    version: 0.28.0

  uniwidth:
    git: https://github.com/naqvis/uni_char_width.git
    version: 0.1.3

  xpath2:
    git: https://github.com/naqvis/crystal-xpath2.git
    version: 0.1.3

